
Microsoft Visual Studio Solution File, Format Version 12.00
Project("{FAE04EC0-301F-11D3-BF4B-00C04F79EFBC}") = "Practical_Task_3", "Practical_Task_3\Practical_Task_3.csproj", "{4C446380-27B4-4188-9099-902B97951A74}"
EndProject
Global
	GlobalSection(SolutionConfigurationPlatforms) = preSolution
		Debug|Any CPU = Debug|Any CPU
		Release|Any CPU = Release|Any CPU
	EndGlobalSection
	GlobalSection(ProjectConfigurationPlatforms) = postSolution
		{4C446380-27B4-4188-9099-902B97951A74}.Debug|Any CPU.ActiveCfg = Debug|Any CPU
		{4C446380-27B4-4188-9099-902B97951A74}.Debug|Any CPU.Build.0 = Debug|Any CPU
		{4C446380-27B4-4188-9099-902B97951A74}.Release|Any CPU.ActiveCfg = Release|Any CPU
		{4C446380-27B4-4188-9099-902B97951A74}.Release|Any CPU.Build.0 = Release|Any CPU
	EndGlobalSection
EndGlobal
